
Microsoft Visual Studio Solution File, Format Version 12.00
# Visual Studio 15
VisualStudioVersion = 15.0.25807.0
MinimumVisualStudioVersion = 10.0.40219.1
Project("{2150E333-8FDC-42A3-9474-1A3956D46DE8}") = "Engine", "Engine", "{D31C32D2-D35C-41ED-9EEF-AC1DD4A946C2}"
EndProject
Project("{2150E333-8FDC-42A3-9474-1A3956D46DE8}") = "Games", "Games", "{2FFACD78-4413-47BE-AC7C-AFD5A65D61D3}"
EndProject
Project("{8BC9CEB8-8B4A-11D0-8D11-00A0C91BC942}") = "UE4", "Intermediate\ProjectFiles\UE4.vcxproj", "{F980960B-FEEB-405B-B4D0-ED428947072A}"
EndProject
Project("{8BC9CEB8-8B4A-11D0-8D11-00A0C91BC942}") = "Building_Escape", "Intermediate\ProjectFiles\Building_Escape.vcxproj", "{AE5D7C61-7F6D-4110-ABB2-901F6F76E041}"
EndProject
Global
	GlobalSection(SolutionConfigurationPlatforms) = preSolution
		DebugGame|HTML5 = DebugGame|HTML5
		DebugGame|Win32 = DebugGame|Win32
		DebugGame|Win64 = DebugGame|Win64
		Development|HTML5 = Development|HTML5
		Development|Win32 = Development|Win32
		Development|Win64 = Development|Win64
		Shipping|HTML5 = Shipping|HTML5
		Shipping|Win32 = Shipping|Win32
		Shipping|Win64 = Shipping|Win64
	EndGlobalSection
	GlobalSection(ProjectConfigurationPlatforms) = postSolution
		{F980960B-FEEB-405B-B4D0-ED428947072A}.DebugGame|HTML5.ActiveCfg = BuiltWithUnrealBuildTool|Win32
		{F980960B-FEEB-405B-B4D0-ED428947072A}.DebugGame|HTML5.Build.0 = BuiltWithUnrealBuildTool|Win32
		{F980960B-FEEB-405B-B4D0-ED428947072A}.DebugGame|Win32.ActiveCfg = BuiltWithUnrealBuildTool|Win32
		{F980960B-FEEB-405B-B4D0-ED428947072A}.DebugGame|Win32.Build.0 = BuiltWithUnrealBuildTool|Win32
		{F980960B-FEEB-405B-B4D0-ED428947072A}.DebugGame|Win64.ActiveCfg = BuiltWithUnrealBuildTool|Win32
		{F980960B-FEEB-405B-B4D0-ED428947072A}.DebugGame|Win64.Build.0 = BuiltWithUnrealBuildTool|Win32
		{F980960B-FEEB-405B-B4D0-ED428947072A}.Development|HTML5.ActiveCfg = BuiltWithUnrealBuildTool|Win32
		{F980960B-FEEB-405B-B4D0-ED428947072A}.Development|HTML5.Build.0 = BuiltWithUnrealBuildTool|Win32
		{F980960B-FEEB-405B-B4D0-ED428947072A}.Development|Win32.ActiveCfg = BuiltWithUnrealBuildTool|Win32
		{F980960B-FEEB-405B-B4D0-ED428947072A}.Development|Win32.Build.0 = BuiltWithUnrealBuildTool|Win32
		{F980960B-FEEB-405B-B4D0-ED428947072A}.Development|Win64.ActiveCfg = BuiltWithUnrealBuildTool|Win32
		{F980960B-FEEB-405B-B4D0-ED428947072A}.Development|Win64.Build.0 = BuiltWithUnrealBuildTool|Win32
		{F980960B-FEEB-405B-B4D0-ED428947072A}.Shipping|HTML5.ActiveCfg = BuiltWithUnrealBuildTool|Win32
		{F980960B-FEEB-405B-B4D0-ED428947072A}.Shipping|HTML5.Build.0 = BuiltWithUnrealBuildTool|Win32
		{F980960B-FEEB-405B-B4D0-ED428947072A}.Shipping|Win32.ActiveCfg = BuiltWithUnrealBuildTool|Win32
		{F980960B-FEEB-405B-B4D0-ED428947072A}.Shipping|Win32.Build.0 = BuiltWithUnrealBuildTool|Win32
		{F980960B-FEEB-405B-B4D0-ED428947072A}.Shipping|Win64.ActiveCfg = BuiltWithUnrealBuildTool|Win32
		{F980960B-FEEB-405B-B4D0-ED428947072A}.Shipping|Win64.Build.0 = BuiltWithUnrealBuildTool|Win32
		{AE5D7C61-7F6D-4110-ABB2-901F6F76E041}.DebugGame|HTML5.ActiveCfg = HTML5_DebugGame_Game|Win32
		{AE5D7C61-7F6D-4110-ABB2-901F6F76E041}.DebugGame|HTML5.Build.0 = HTML5_DebugGame_Game|Win32
		{AE5D7C61-7F6D-4110-ABB2-901F6F76E041}.DebugGame|Win32.ActiveCfg = DebugGame_Game|Win32
		{AE5D7C61-7F6D-4110-ABB2-901F6F76E041}.DebugGame|Win32.Build.0 = DebugGame_Game|Win32
		{AE5D7C61-7F6D-4110-ABB2-901F6F76E041}.DebugGame|Win64.ActiveCfg = DebugGame_Game|x64
		{AE5D7C61-7F6D-4110-ABB2-901F6F76E041}.DebugGame|Win64.Build.0 = DebugGame_Game|x64
		{AE5D7C61-7F6D-4110-ABB2-901F6F76E041}.Development|HTML5.ActiveCfg = HTML5_Development_Game|Win32
		{AE5D7C61-7F6D-4110-ABB2-901F6F76E041}.Development|HTML5.Build.0 = HTML5_Development_Game|Win32
		{AE5D7C61-7F6D-4110-ABB2-901F6F76E041}.Development|Win32.ActiveCfg = Development_Game|Win32
		{AE5D7C61-7F6D-4110-ABB2-901F6F76E041}.Development|Win32.Build.0 = Development_Game|Win32
		{AE5D7C61-7F6D-4110-ABB2-901F6F76E041}.Development|Win64.ActiveCfg = Development_Game|x64
		{AE5D7C61-7F6D-4110-ABB2-901F6F76E041}.Development|Win64.Build.0 = Development_Game|x64
		{AE5D7C61-7F6D-4110-ABB2-901F6F76E041}.Shipping|HTML5.ActiveCfg = HTML5_Shipping_Game|Win32
		{AE5D7C61-7F6D-4110-ABB2-901F6F76E041}.Shipping|HTML5.Build.0 = HTML5_Shipping_Game|Win32
		{AE5D7C61-7F6D-4110-ABB2-901F6F76E041}.Shipping|Win32.ActiveCfg = Shipping_Game|Win32
		{AE5D7C61-7F6D-4110-ABB2-901F6F76E041}.Shipping|Win32.Build.0 = Shipping_Game|Win32
		{AE5D7C61-7F6D-4110-ABB2-901F6F76E041}.Shipping|Win64.ActiveCfg = Shipping_Game|x64
		{AE5D7C61-7F6D-4110-ABB2-901F6F76E041}.Shipping|Win64.Build.0 = Shipping_Game|x64
	EndGlobalSection
	GlobalSection(SolutionProperties) = preSolution
		HideSolutionNode = FALSE
	EndGlobalSection
	GlobalSection(NestedProjects) = preSolution
		{F980960B-FEEB-405B-B4D0-ED428947072A} = {D31C32D2-D35C-41ED-9EEF-AC1DD4A946C2}
		{AE5D7C61-7F6D-4110-ABB2-901F6F76E041} = {2FFACD78-4413-47BE-AC7C-AFD5A65D61D3}
	EndGlobalSection
	GlobalSection(ExtensibilityGlobals) = postSolution
		SolutionGuid = {11413779-02D8-4FF7-9968-F837C4509D49}
	EndGlobalSection
EndGlobal
